
Microsoft Visual Studio Solution File, Format Version 12.00
# Visual Studio Version 16
VisualStudioVersion = 16.0.29009.5
MinimumVisualStudioVersion = 10.0.40219.1
Project("{FAE04EC0-301F-11D3-BF4B-00C04F79EFBC}") = "TC3EF6", "TC3EF6\TC3EF6.csproj", "{EA4BC4D1-34FA-481A-88BE-9B18E490D3B8}"
EndProject
Project("{2150E333-8FDC-42A3-9474-1A3956D46DE8}") = "Console", "Console", "{A3B42EBB-4022-4759-BCA0-9B6876E0B0E9}"
EndProject
Project("{2150E333-8FDC-42A3-9474-1A3956D46DE8}") = "Desktop", "Desktop", "{F1B69794-8827-4EC1-8B66-9ACDCF7134BF}"
EndProject
Project("{2150E333-8FDC-42A3-9474-1A3956D46DE8}") = "Web", "Web", "{0C728986-8E10-41E3-B214-318E61DEA908}"
EndProject
Project("{2150E333-8FDC-42A3-9474-1A3956D46DE8}") = "Model", "Model", "{E5CD65B5-1F38-40B7-8FE1-95095E05A956}"
EndProject
Project("{FAE04EC0-301F-11D3-BF4B-00C04F79EFBC}") = "TC3EF6.Base", "TC3EF6.Base\TC3EF6.Base.csproj", "{C0E1604C-5E47-4910-8663-015C3530A00F}"
EndProject
Project("{FAE04EC0-301F-11D3-BF4B-00C04F79EFBC}") = "TC3EF6.Domain", "TC3EF6.Domain\TC3EF6.Domain.csproj", "{8DE0D1D8-2EF1-47FF-BEE4-B1B4A7DF291B}"
EndProject
Project("{FAE04EC0-301F-11D3-BF4B-00C04F79EFBC}") = "TC3EF6.WPF.Base", "TC3EF6.WPF.Base\TC3EF6.WPF.Base.csproj", "{275FE848-640F-4A13-913B-630E992C88C4}"
EndProject
Project("{FAE04EC0-301F-11D3-BF4B-00C04F79EFBC}") = "TC3EF6.Data", "TC3EF6.Data\TC3EF6.Data.csproj", "{F988E8D7-C45F-49C8-B0A1-DB2DEA8593C4}"
EndProject
Project("{FAE04EC0-301F-11D3-BF4B-00C04F79EFBC}") = "TC3EF6.WebMVC", "TC3EF6.Web\TC3EF6.WebMVC.csproj", "{5889AEAC-7FF9-4652-92B6-A4DCBC84274D}"
EndProject
Project("{FAE04EC0-301F-11D3-BF4B-00C04F79EFBC}") = "TC3EF6.Web.Tests", "TC3EF6.Web.Tests\TC3EF6.Web.Tests.csproj", "{31E5D508-7A76-4D56-AA3D-A900D87D1603}"
EndProject
Global
	GlobalSection(SolutionConfigurationPlatforms) = preSolution
		Debug|Any CPU = Debug|Any CPU
		Release|Any CPU = Release|Any CPU
	EndGlobalSection
	GlobalSection(ProjectConfigurationPlatforms) = postSolution
		{EA4BC4D1-34FA-481A-88BE-9B18E490D3B8}.Debug|Any CPU.ActiveCfg = Debug|Any CPU
		{EA4BC4D1-34FA-481A-88BE-9B18E490D3B8}.Debug|Any CPU.Build.0 = Debug|Any CPU
		{EA4BC4D1-34FA-481A-88BE-9B18E490D3B8}.Release|Any CPU.ActiveCfg = Release|Any CPU
		{EA4BC4D1-34FA-481A-88BE-9B18E490D3B8}.Release|Any CPU.Build.0 = Release|Any CPU
		{C0E1604C-5E47-4910-8663-015C3530A00F}.Debug|Any CPU.ActiveCfg = Debug|Any CPU
		{C0E1604C-5E47-4910-8663-015C3530A00F}.Debug|Any CPU.Build.0 = Debug|Any CPU
		{C0E1604C-5E47-4910-8663-015C3530A00F}.Release|Any CPU.ActiveCfg = Release|Any CPU
		{C0E1604C-5E47-4910-8663-015C3530A00F}.Release|Any CPU.Build.0 = Release|Any CPU
		{8DE0D1D8-2EF1-47FF-BEE4-B1B4A7DF291B}.Debug|Any CPU.ActiveCfg = Debug|Any CPU
		{8DE0D1D8-2EF1-47FF-BEE4-B1B4A7DF291B}.Debug|Any CPU.Build.0 = Debug|Any CPU
		{8DE0D1D8-2EF1-47FF-BEE4-B1B4A7DF291B}.Release|Any CPU.ActiveCfg = Release|Any CPU
		{8DE0D1D8-2EF1-47FF-BEE4-B1B4A7DF291B}.Release|Any CPU.Build.0 = Release|Any CPU
		{275FE848-640F-4A13-913B-630E992C88C4}.Debug|Any CPU.ActiveCfg = Debug|Any CPU
		{275FE848-640F-4A13-913B-630E992C88C4}.Debug|Any CPU.Build.0 = Debug|Any CPU
		{275FE848-640F-4A13-913B-630E992C88C4}.Release|Any CPU.ActiveCfg = Release|Any CPU
		{275FE848-640F-4A13-913B-630E992C88C4}.Release|Any CPU.Build.0 = Release|Any CPU
		{F988E8D7-C45F-49C8-B0A1-DB2DEA8593C4}.Debug|Any CPU.ActiveCfg = Debug|Any CPU
		{F988E8D7-C45F-49C8-B0A1-DB2DEA8593C4}.Debug|Any CPU.Build.0 = Debug|Any CPU
		{F988E8D7-C45F-49C8-B0A1-DB2DEA8593C4}.Release|Any CPU.ActiveCfg = Release|Any CPU
		{F988E8D7-C45F-49C8-B0A1-DB2DEA8593C4}.Release|Any CPU.Build.0 = Release|Any CPU
		{5889AEAC-7FF9-4652-92B6-A4DCBC84274D}.Debug|Any CPU.ActiveCfg = Debug|Any CPU
		{5889AEAC-7FF9-4652-92B6-A4DCBC84274D}.Debug|Any CPU.Build.0 = Debug|Any CPU
		{5889AEAC-7FF9-4652-92B6-A4DCBC84274D}.Release|Any CPU.ActiveCfg = Release|Any CPU
		{5889AEAC-7FF9-4652-92B6-A4DCBC84274D}.Release|Any CPU.Build.0 = Release|Any CPU
		{31E5D508-7A76-4D56-AA3D-A900D87D1603}.Debug|Any CPU.ActiveCfg = Debug|Any CPU
		{31E5D508-7A76-4D56-AA3D-A900D87D1603}.Debug|Any CPU.Build.0 = Debug|Any CPU
		{31E5D508-7A76-4D56-AA3D-A900D87D1603}.Release|Any CPU.ActiveCfg = Release|Any CPU
		{31E5D508-7A76-4D56-AA3D-A900D87D1603}.Release|Any CPU.Build.0 = Release|Any CPU
	EndGlobalSection
	GlobalSection(SolutionProperties) = preSolution
		HideSolutionNode = FALSE
	EndGlobalSection
	GlobalSection(NestedProjects) = preSolution
		{EA4BC4D1-34FA-481A-88BE-9B18E490D3B8} = {A3B42EBB-4022-4759-BCA0-9B6876E0B0E9}
		{C0E1604C-5E47-4910-8663-015C3530A00F} = {E5CD65B5-1F38-40B7-8FE1-95095E05A956}
		{8DE0D1D8-2EF1-47FF-BEE4-B1B4A7DF291B} = {E5CD65B5-1F38-40B7-8FE1-95095E05A956}
		{275FE848-640F-4A13-913B-630E992C88C4} = {F1B69794-8827-4EC1-8B66-9ACDCF7134BF}
		{F988E8D7-C45F-49C8-B0A1-DB2DEA8593C4} = {E5CD65B5-1F38-40B7-8FE1-95095E05A956}
		{5889AEAC-7FF9-4652-92B6-A4DCBC84274D} = {0C728986-8E10-41E3-B214-318E61DEA908}
		{31E5D508-7A76-4D56-AA3D-A900D87D1603} = {0C728986-8E10-41E3-B214-318E61DEA908}
	EndGlobalSection
	GlobalSection(ExtensibilityGlobals) = postSolution
		SolutionGuid = {C8FED359-AAD7-4587-84A9-1FC2D834BE9E}
	EndGlobalSection
EndGlobal
